
Microsoft Visual Studio Solution File, Format Version 12.00
# Visual Studio Version 17
VisualStudioVersion = 17.9.34728.123
MinimumVisualStudioVersion = 10.0.40219.1
Project("{9A19103F-16F7-4668-BE54-9A1E7A4F7556}") = "OptionsApp", "Options\OptionsApp\OptionsApp.csproj", "{849C1EDB-69EB-4923-AE2B-DC6C1D3B222A}"
EndProject
Project("{9A19103F-16F7-4668-BE54-9A1E7A4F7556}") = "OptionsLib", "Options\OptionsLib\OptionsLib.csproj", "{26084D1A-8E5F-416F-8B20-4015FDFE2DCE}"
EndProject
Project("{2150E333-8FDC-42A3-9474-1A3956D46DE8}") = "Options", "Options", "{B32132CD-D96A-44A4-BFD4-39BF8FD733B4}"
EndProject
Project("{2150E333-8FDC-42A3-9474-1A3956D46DE8}") = "Hangfire", "Hangfire", "{16F03B00-AFA8-4368-A169-D3A1051EFBEF}"
EndProject
Project("{9A19103F-16F7-4668-BE54-9A1E7A4F7556}") = "HangfireHostedApp", "Hangfire\HangfireHostedApp\HangfireHostedApp.csproj", "{0B8BA0B0-FC74-4161-93BC-A78D42A04822}"
EndProject
Project("{9A19103F-16F7-4668-BE54-9A1E7A4F7556}") = "HangfireLib", "Hangfire\HangfireLib\HangfireLib.csproj", "{06D11F02-A36C-4834-8422-61F27FD89DFD}"
EndProject
Project("{9A19103F-16F7-4668-BE54-9A1E7A4F7556}") = "HangfireApp", "Hangfire\HangfireApp\HangfireApp.csproj", "{BDF95875-1B98-49B4-89A3-FCE70BC9839C}"
EndProject
Project("{9A19103F-16F7-4668-BE54-9A1E7A4F7556}") = "HangfireWebApp", "Hangfire\HangfireWebApp\HangfireWebApp.csproj", "{38F64B05-BBDA-4FAA-95D9-B20E7962A5B9}"
EndProject
Project("{2150E333-8FDC-42A3-9474-1A3956D46DE8}") = "RabbitMQ", "RabbitMQ", "{5D58619A-81CB-4034-B1E7-74F23C9D7CAA}"
	ProjectSection(SolutionItems) = preProject
		RabbitMQ\exchanges.png = RabbitMQ\exchanges.png
		RabbitMQ\readme.txt = RabbitMQ\readme.txt
	EndProjectSection
EndProject
Project("{2150E333-8FDC-42A3-9474-1A3956D46DE8}") = "DirectExchange", "DirectExchange", "{7A400210-139D-41F0-903C-C9A5E47FD197}"
EndProject
Project("{9A19103F-16F7-4668-BE54-9A1E7A4F7556}") = "RabbitSender", "RabbitMQ\DirectExchange\RabbitSender\RabbitSender.csproj", "{F4E19F41-5EC6-4911-A58C-0E975551D26F}"
EndProject
Project("{9A19103F-16F7-4668-BE54-9A1E7A4F7556}") = "RabbitReceiver1", "RabbitMQ\DirectExchange\RabbitReceiver1\RabbitReceiver1.csproj", "{13995EB6-E42B-42DB-B535-0AC6755AA6B4}"
EndProject
Project("{9A19103F-16F7-4668-BE54-9A1E7A4F7556}") = "RabbitReceiver2", "RabbitMQ\DirectExchange\RabbitReceiver2\RabbitReceiver2.csproj", "{91260C5E-439C-4C1E-8302-0EF3AF96550B}"
EndProject
Project("{2150E333-8FDC-42A3-9474-1A3956D46DE8}") = "TopicExchange", "TopicExchange", "{53D8C023-08DA-4E76-BB9C-C79F717DF5CE}"
EndProject
Project("{9A19103F-16F7-4668-BE54-9A1E7A4F7556}") = "RabbitSender", "RabbitMQ\TopicExchange\RabbitSender\RabbitSender.csproj", "{D13893C2-DAB2-4F98-AB0A-B4BD6C8C366A}"
EndProject
Project("{9A19103F-16F7-4668-BE54-9A1E7A4F7556}") = "RabbitReceiver1", "RabbitMQ\TopicExchange\RabbitReceiver1\RabbitReceiver1.csproj", "{0322F072-6D9C-4251-BC51-BC58783A4D6C}"
EndProject
Project("{9A19103F-16F7-4668-BE54-9A1E7A4F7556}") = "RabbitReceiver2", "RabbitMQ\TopicExchange\RabbitReceiver2\RabbitReceiver2.csproj", "{3D2AE945-CB43-4AA0-BE04-ECDE585BDC86}"
EndProject
Project("{2150E333-8FDC-42A3-9474-1A3956D46DE8}") = "FanoutExchange", "FanoutExchange", "{B123A86B-F01A-499C-92E5-033BB5512AA5}"
EndProject
Project("{9A19103F-16F7-4668-BE54-9A1E7A4F7556}") = "RabbitSender", "RabbitMQ\FanoutExchange\RabbitSender\RabbitSender.csproj", "{7DC33CFE-0501-4485-B73D-6EE7826652AF}"
EndProject
Project("{9A19103F-16F7-4668-BE54-9A1E7A4F7556}") = "RabbitReceiver1", "RabbitMQ\FanoutExchange\RabbitReceiver1\RabbitReceiver1.csproj", "{8373939B-A8CE-4233-A3DC-9070493BAF9D}"
EndProject
Project("{9A19103F-16F7-4668-BE54-9A1E7A4F7556}") = "RabbitReceiver2", "RabbitMQ\FanoutExchange\RabbitReceiver2\RabbitReceiver2.csproj", "{EC5E3978-78C2-4254-A439-1A7B046D053C}"
EndProject
Project("{2150E333-8FDC-42A3-9474-1A3956D46DE8}") = "MassTransit", "MassTransit", "{B2CC5985-B5B2-4582-A28B-FF9DFC4F7638}"
EndProject
Project("{2150E333-8FDC-42A3-9474-1A3956D46DE8}") = "RabbitMQ-Send", "RabbitMQ-Send", "{89F7DD74-735B-44C2-A96B-C062CD9B347F}"
EndProject
Project("{9A19103F-16F7-4668-BE54-9A1E7A4F7556}") = "MassTransitSender", "MassTransit\RabbitMQ-Send\MassTransitSender\MassTransitSender.csproj", "{722EC855-DCA5-4FC6-933E-E811EC86F649}"
EndProject
Project("{9A19103F-16F7-4668-BE54-9A1E7A4F7556}") = "MassTransitReceiver2", "MassTransit\RabbitMQ-Send\MassTransitReceiver2\MassTransitReceiver2.csproj", "{0FF51A6E-5553-42D4-8F93-026611FA8CFC}"
EndProject
Project("{9A19103F-16F7-4668-BE54-9A1E7A4F7556}") = "MassTransitReceiver1", "MassTransit\RabbitMQ-Send\MassTransitReceiver1\MassTransitReceiver1.csproj", "{4826B686-13ED-4D84-A091-98C325EECA58}"
EndProject
Project("{9A19103F-16F7-4668-BE54-9A1E7A4F7556}") = "MassTransitMessage", "MassTransit\RabbitMQ-Send\MassTransitMessage\MassTransitMessage.csproj", "{10332193-958B-4728-B671-5406E1AE6A5C}"
EndProject
Project("{2150E333-8FDC-42A3-9474-1A3956D46DE8}") = "RabbitMQ-Publish", "RabbitMQ-Publish", "{BF375562-90CF-4130-A314-4D2D1A05ADD2}"
EndProject
Project("{9A19103F-16F7-4668-BE54-9A1E7A4F7556}") = "MassTransitMessage", "MassTransit\RabbitMQ-Publish\MassTransitMessage\MassTransitMessage.csproj", "{A42D8D91-754F-415E-86D2-62C31B6757FC}"
EndProject
Project("{9A19103F-16F7-4668-BE54-9A1E7A4F7556}") = "MassTransitPublisher", "MassTransit\RabbitMQ-Publish\MassTransitPublisher\MassTransitPublisher.csproj", "{4A194075-3532-4382-9961-76A498043F38}"
EndProject
Project("{9A19103F-16F7-4668-BE54-9A1E7A4F7556}") = "MassTransitReceiver1", "MassTransit\RabbitMQ-Publish\MassTransitReceiver1\MassTransitReceiver1.csproj", "{8A080F47-825B-45ED-ACD4-85E882DDBA4D}"
EndProject
Project("{9A19103F-16F7-4668-BE54-9A1E7A4F7556}") = "MassTransitReceiver2", "MassTransit\RabbitMQ-Publish\MassTransitReceiver2\MassTransitReceiver2.csproj", "{CC169F64-5788-4471-BA03-E764C5C6308D}"
EndProject
Project("{2150E333-8FDC-42A3-9474-1A3956D46DE8}") = "RabbitMQ-Publish2", "RabbitMQ-Publish2", "{BD9825BD-5A43-4D4C-92A0-D1AC789119EA}"
EndProject
Project("{9A19103F-16F7-4668-BE54-9A1E7A4F7556}") = "MassTransitMessage", "MassTransit\RabbitMQ-Scratch\MassTransitMessage\MassTransitMessage.csproj", "{3F5DAD53-51B9-42CD-80AC-50FEF4D1382E}"
EndProject
Project("{9A19103F-16F7-4668-BE54-9A1E7A4F7556}") = "MassTransitPublisher", "MassTransit\RabbitMQ-Scratch\MassTransitPublisher\MassTransitPublisher.csproj", "{C1684CEA-D169-4BDB-B794-07918EAF6881}"
EndProject
Project("{9A19103F-16F7-4668-BE54-9A1E7A4F7556}") = "MassTransitReceiver1", "MassTransit\RabbitMQ-Scratch\MassTransitReceiver1\MassTransitReceiver1.csproj", "{E00112B9-23E9-4507-8011-AFF2038A8C59}"
EndProject
Project("{9A19103F-16F7-4668-BE54-9A1E7A4F7556}") = "MassTransitReceiver2", "MassTransit\RabbitMQ-Scratch\MassTransitReceiver2\MassTransitReceiver2.csproj", "{FBDC6C6A-6C87-4D29-9E03-087870DAEE08}"
EndProject
Project("{2150E333-8FDC-42A3-9474-1A3956D46DE8}") = "Authentication", "Authentication", "{87EDE6DB-7AAC-4129-8AF4-411B3702973E}"
EndProject
Project("{FAE04EC0-301F-11D3-BF4B-00C04F79EFBC}") = "MixedAPIs", "Authentication\MixedAPIs\MixedAPIs.csproj", "{6AF78DB1-F63F-4314-BBAE-3EF47B7FB9E0}"
EndProject
Project("{FAE04EC0-301F-11D3-BF4B-00C04F79EFBC}") = "MixedAuthsAPIs", "Authentication\MixedAuthsAPIs\MixedAuthsAPIs.csproj", "{7E283DC2-0516-48BE-AF30-7D6F94D8550E}"
EndProject
Project("{FAE04EC0-301F-11D3-BF4B-00C04F79EFBC}") = "SwaggerAuth", "Authentication\SwaggerAuth\SwaggerAuth.csproj", "{BA8035CE-10AB-41FA-BBB6-E1F62400662D}"
EndProject
Project("{2150E333-8FDC-42A3-9474-1A3956D46DE8}") = "MinimalAPI", "MinimalAPI", "{6B5D1149-8956-4380-B53D-DCD519CEE087}"
EndProject
Project("{FAE04EC0-301F-11D3-BF4B-00C04F79EFBC}") = "Basic.Api", "MinimalAPI\Basic.Api\Basic.Api.csproj", "{DAB4524E-D0AA-45A1-9E4C-CBFC384C2EE5}"
EndProject
Project("{FAE04EC0-301F-11D3-BF4B-00C04F79EFBC}") = "Swagger.Api", "MinimalAPI\Swagger.Api\Swagger.Api.csproj", "{4A566547-DD33-4793-A9CD-D773F18B9577}"
EndProject
Project("{FAE04EC0-301F-11D3-BF4B-00C04F79EFBC}") = "Structure.Api", "MinimalAPI\Structure.Api\Structure.Api.csproj", "{D927B75A-BBF6-474B-BF9F-AE19889E7DB5}"
EndProject
Project("{2150E333-8FDC-42A3-9474-1A3956D46DE8}") = "Logging", "Logging", "{9904F0F3-F75E-4E7F-B92A-BE6024980B37}"
EndProject
Project("{FAE04EC0-301F-11D3-BF4B-00C04F79EFBC}") = "AppInsightsApp", "Logging\AppInsightsApp\AppInsightsApp.csproj", "{32ED39EE-5B8E-48A4-BC58-EF351BBC6605}"
EndProject
Global
	GlobalSection(SolutionConfigurationPlatforms) = preSolution
		Debug|Any CPU = Debug|Any CPU
		Release|Any CPU = Release|Any CPU
	EndGlobalSection
	GlobalSection(ProjectConfigurationPlatforms) = postSolution
		{849C1EDB-69EB-4923-AE2B-DC6C1D3B222A}.Debug|Any CPU.ActiveCfg = Debug|Any CPU
		{849C1EDB-69EB-4923-AE2B-DC6C1D3B222A}.Debug|Any CPU.Build.0 = Debug|Any CPU
		{849C1EDB-69EB-4923-AE2B-DC6C1D3B222A}.Release|Any CPU.ActiveCfg = Release|Any CPU
		{849C1EDB-69EB-4923-AE2B-DC6C1D3B222A}.Release|Any CPU.Build.0 = Release|Any CPU
		{26084D1A-8E5F-416F-8B20-4015FDFE2DCE}.Debug|Any CPU.ActiveCfg = Debug|Any CPU
		{26084D1A-8E5F-416F-8B20-4015FDFE2DCE}.Debug|Any CPU.Build.0 = Debug|Any CPU
		{26084D1A-8E5F-416F-8B20-4015FDFE2DCE}.Release|Any CPU.ActiveCfg = Release|Any CPU
		{26084D1A-8E5F-416F-8B20-4015FDFE2DCE}.Release|Any CPU.Build.0 = Release|Any CPU
		{0B8BA0B0-FC74-4161-93BC-A78D42A04822}.Debug|Any CPU.ActiveCfg = Debug|Any CPU
		{0B8BA0B0-FC74-4161-93BC-A78D42A04822}.Debug|Any CPU.Build.0 = Debug|Any CPU
		{0B8BA0B0-FC74-4161-93BC-A78D42A04822}.Release|Any CPU.ActiveCfg = Release|Any CPU
		{0B8BA0B0-FC74-4161-93BC-A78D42A04822}.Release|Any CPU.Build.0 = Release|Any CPU
		{06D11F02-A36C-4834-8422-61F27FD89DFD}.Debug|Any CPU.ActiveCfg = Debug|Any CPU
		{06D11F02-A36C-4834-8422-61F27FD89DFD}.Debug|Any CPU.Build.0 = Debug|Any CPU
		{06D11F02-A36C-4834-8422-61F27FD89DFD}.Release|Any CPU.ActiveCfg = Release|Any CPU
		{06D11F02-A36C-4834-8422-61F27FD89DFD}.Release|Any CPU.Build.0 = Release|Any CPU
		{BDF95875-1B98-49B4-89A3-FCE70BC9839C}.Debug|Any CPU.ActiveCfg = Debug|Any CPU
		{BDF95875-1B98-49B4-89A3-FCE70BC9839C}.Debug|Any CPU.Build.0 = Debug|Any CPU
		{BDF95875-1B98-49B4-89A3-FCE70BC9839C}.Release|Any CPU.ActiveCfg = Release|Any CPU
		{BDF95875-1B98-49B4-89A3-FCE70BC9839C}.Release|Any CPU.Build.0 = Release|Any CPU
		{38F64B05-BBDA-4FAA-95D9-B20E7962A5B9}.Debug|Any CPU.ActiveCfg = Debug|Any CPU
		{38F64B05-BBDA-4FAA-95D9-B20E7962A5B9}.Debug|Any CPU.Build.0 = Debug|Any CPU
		{38F64B05-BBDA-4FAA-95D9-B20E7962A5B9}.Release|Any CPU.ActiveCfg = Release|Any CPU
		{38F64B05-BBDA-4FAA-95D9-B20E7962A5B9}.Release|Any CPU.Build.0 = Release|Any CPU
		{F4E19F41-5EC6-4911-A58C-0E975551D26F}.Debug|Any CPU.ActiveCfg = Debug|Any CPU
		{F4E19F41-5EC6-4911-A58C-0E975551D26F}.Debug|Any CPU.Build.0 = Debug|Any CPU
		{F4E19F41-5EC6-4911-A58C-0E975551D26F}.Release|Any CPU.ActiveCfg = Release|Any CPU
		{F4E19F41-5EC6-4911-A58C-0E975551D26F}.Release|Any CPU.Build.0 = Release|Any CPU
		{13995EB6-E42B-42DB-B535-0AC6755AA6B4}.Debug|Any CPU.ActiveCfg = Debug|Any CPU
		{13995EB6-E42B-42DB-B535-0AC6755AA6B4}.Debug|Any CPU.Build.0 = Debug|Any CPU
		{13995EB6-E42B-42DB-B535-0AC6755AA6B4}.Release|Any CPU.ActiveCfg = Release|Any CPU
		{13995EB6-E42B-42DB-B535-0AC6755AA6B4}.Release|Any CPU.Build.0 = Release|Any CPU
		{91260C5E-439C-4C1E-8302-0EF3AF96550B}.Debug|Any CPU.ActiveCfg = Debug|Any CPU
		{91260C5E-439C-4C1E-8302-0EF3AF96550B}.Debug|Any CPU.Build.0 = Debug|Any CPU
		{91260C5E-439C-4C1E-8302-0EF3AF96550B}.Release|Any CPU.ActiveCfg = Release|Any CPU
		{91260C5E-439C-4C1E-8302-0EF3AF96550B}.Release|Any CPU.Build.0 = Release|Any CPU
		{D13893C2-DAB2-4F98-AB0A-B4BD6C8C366A}.Debug|Any CPU.ActiveCfg = Debug|Any CPU
		{D13893C2-DAB2-4F98-AB0A-B4BD6C8C366A}.Debug|Any CPU.Build.0 = Debug|Any CPU
		{D13893C2-DAB2-4F98-AB0A-B4BD6C8C366A}.Release|Any CPU.ActiveCfg = Release|Any CPU
		{D13893C2-DAB2-4F98-AB0A-B4BD6C8C366A}.Release|Any CPU.Build.0 = Release|Any CPU
		{0322F072-6D9C-4251-BC51-BC58783A4D6C}.Debug|Any CPU.ActiveCfg = Debug|Any CPU
		{0322F072-6D9C-4251-BC51-BC58783A4D6C}.Debug|Any CPU.Build.0 = Debug|Any CPU
		{0322F072-6D9C-4251-BC51-BC58783A4D6C}.Release|Any CPU.ActiveCfg = Release|Any CPU
		{0322F072-6D9C-4251-BC51-BC58783A4D6C}.Release|Any CPU.Build.0 = Release|Any CPU
		{3D2AE945-CB43-4AA0-BE04-ECDE585BDC86}.Debug|Any CPU.ActiveCfg = Debug|Any CPU
		{3D2AE945-CB43-4AA0-BE04-ECDE585BDC86}.Debug|Any CPU.Build.0 = Debug|Any CPU
		{3D2AE945-CB43-4AA0-BE04-ECDE585BDC86}.Release|Any CPU.ActiveCfg = Release|Any CPU
		{3D2AE945-CB43-4AA0-BE04-ECDE585BDC86}.Release|Any CPU.Build.0 = Release|Any CPU
		{7DC33CFE-0501-4485-B73D-6EE7826652AF}.Debug|Any CPU.ActiveCfg = Debug|Any CPU
		{7DC33CFE-0501-4485-B73D-6EE7826652AF}.Debug|Any CPU.Build.0 = Debug|Any CPU
		{7DC33CFE-0501-4485-B73D-6EE7826652AF}.Release|Any CPU.ActiveCfg = Release|Any CPU
		{7DC33CFE-0501-4485-B73D-6EE7826652AF}.Release|Any CPU.Build.0 = Release|Any CPU
		{8373939B-A8CE-4233-A3DC-9070493BAF9D}.Debug|Any CPU.ActiveCfg = Debug|Any CPU
		{8373939B-A8CE-4233-A3DC-9070493BAF9D}.Debug|Any CPU.Build.0 = Debug|Any CPU
		{8373939B-A8CE-4233-A3DC-9070493BAF9D}.Release|Any CPU.ActiveCfg = Release|Any CPU
		{8373939B-A8CE-4233-A3DC-9070493BAF9D}.Release|Any CPU.Build.0 = Release|Any CPU
		{EC5E3978-78C2-4254-A439-1A7B046D053C}.Debug|Any CPU.ActiveCfg = Debug|Any CPU
		{EC5E3978-78C2-4254-A439-1A7B046D053C}.Debug|Any CPU.Build.0 = Debug|Any CPU
		{EC5E3978-78C2-4254-A439-1A7B046D053C}.Release|Any CPU.ActiveCfg = Release|Any CPU
		{EC5E3978-78C2-4254-A439-1A7B046D053C}.Release|Any CPU.Build.0 = Release|Any CPU
		{722EC855-DCA5-4FC6-933E-E811EC86F649}.Debug|Any CPU.ActiveCfg = Debug|Any CPU
		{722EC855-DCA5-4FC6-933E-E811EC86F649}.Debug|Any CPU.Build.0 = Debug|Any CPU
		{722EC855-DCA5-4FC6-933E-E811EC86F649}.Release|Any CPU.ActiveCfg = Release|Any CPU
		{722EC855-DCA5-4FC6-933E-E811EC86F649}.Release|Any CPU.Build.0 = Release|Any CPU
		{0FF51A6E-5553-42D4-8F93-026611FA8CFC}.Debug|Any CPU.ActiveCfg = Debug|Any CPU
		{0FF51A6E-5553-42D4-8F93-026611FA8CFC}.Debug|Any CPU.Build.0 = Debug|Any CPU
		{0FF51A6E-5553-42D4-8F93-026611FA8CFC}.Release|Any CPU.ActiveCfg = Release|Any CPU
		{0FF51A6E-5553-42D4-8F93-026611FA8CFC}.Release|Any CPU.Build.0 = Release|Any CPU
		{4826B686-13ED-4D84-A091-98C325EECA58}.Debug|Any CPU.ActiveCfg = Debug|Any CPU
		{4826B686-13ED-4D84-A091-98C325EECA58}.Debug|Any CPU.Build.0 = Debug|Any CPU
		{4826B686-13ED-4D84-A091-98C325EECA58}.Release|Any CPU.ActiveCfg = Release|Any CPU
		{4826B686-13ED-4D84-A091-98C325EECA58}.Release|Any CPU.Build.0 = Release|Any CPU
		{10332193-958B-4728-B671-5406E1AE6A5C}.Debug|Any CPU.ActiveCfg = Debug|Any CPU
		{10332193-958B-4728-B671-5406E1AE6A5C}.Debug|Any CPU.Build.0 = Debug|Any CPU
		{10332193-958B-4728-B671-5406E1AE6A5C}.Release|Any CPU.ActiveCfg = Release|Any CPU
		{10332193-958B-4728-B671-5406E1AE6A5C}.Release|Any CPU.Build.0 = Release|Any CPU
		{A42D8D91-754F-415E-86D2-62C31B6757FC}.Debug|Any CPU.ActiveCfg = Debug|Any CPU
		{A42D8D91-754F-415E-86D2-62C31B6757FC}.Debug|Any CPU.Build.0 = Debug|Any CPU
		{A42D8D91-754F-415E-86D2-62C31B6757FC}.Release|Any CPU.ActiveCfg = Release|Any CPU
		{A42D8D91-754F-415E-86D2-62C31B6757FC}.Release|Any CPU.Build.0 = Release|Any CPU
		{4A194075-3532-4382-9961-76A498043F38}.Debug|Any CPU.ActiveCfg = Debug|Any CPU
		{4A194075-3532-4382-9961-76A498043F38}.Debug|Any CPU.Build.0 = Debug|Any CPU
		{4A194075-3532-4382-9961-76A498043F38}.Release|Any CPU.ActiveCfg = Release|Any CPU
		{4A194075-3532-4382-9961-76A498043F38}.Release|Any CPU.Build.0 = Release|Any CPU
		{8A080F47-825B-45ED-ACD4-85E882DDBA4D}.Debug|Any CPU.ActiveCfg = Debug|Any CPU
		{8A080F47-825B-45ED-ACD4-85E882DDBA4D}.Debug|Any CPU.Build.0 = Debug|Any CPU
		{8A080F47-825B-45ED-ACD4-85E882DDBA4D}.Release|Any CPU.ActiveCfg = Release|Any CPU
		{8A080F47-825B-45ED-ACD4-85E882DDBA4D}.Release|Any CPU.Build.0 = Release|Any CPU
		{CC169F64-5788-4471-BA03-E764C5C6308D}.Debug|Any CPU.ActiveCfg = Debug|Any CPU
		{CC169F64-5788-4471-BA03-E764C5C6308D}.Debug|Any CPU.Build.0 = Debug|Any CPU
		{CC169F64-5788-4471-BA03-E764C5C6308D}.Release|Any CPU.ActiveCfg = Release|Any CPU
		{CC169F64-5788-4471-BA03-E764C5C6308D}.Release|Any CPU.Build.0 = Release|Any CPU
		{3F5DAD53-51B9-42CD-80AC-50FEF4D1382E}.Debug|Any CPU.ActiveCfg = Debug|Any CPU
		{3F5DAD53-51B9-42CD-80AC-50FEF4D1382E}.Debug|Any CPU.Build.0 = Debug|Any CPU
		{3F5DAD53-51B9-42CD-80AC-50FEF4D1382E}.Release|Any CPU.ActiveCfg = Release|Any CPU
		{3F5DAD53-51B9-42CD-80AC-50FEF4D1382E}.Release|Any CPU.Build.0 = Release|Any CPU
		{C1684CEA-D169-4BDB-B794-07918EAF6881}.Debug|Any CPU.ActiveCfg = Debug|Any CPU
		{C1684CEA-D169-4BDB-B794-07918EAF6881}.Debug|Any CPU.Build.0 = Debug|Any CPU
		{C1684CEA-D169-4BDB-B794-07918EAF6881}.Release|Any CPU.ActiveCfg = Release|Any CPU
		{C1684CEA-D169-4BDB-B794-07918EAF6881}.Release|Any CPU.Build.0 = Release|Any CPU
		{E00112B9-23E9-4507-8011-AFF2038A8C59}.Debug|Any CPU.ActiveCfg = Debug|Any CPU
		{E00112B9-23E9-4507-8011-AFF2038A8C59}.Debug|Any CPU.Build.0 = Debug|Any CPU
		{E00112B9-23E9-4507-8011-AFF2038A8C59}.Release|Any CPU.ActiveCfg = Release|Any CPU
		{E00112B9-23E9-4507-8011-AFF2038A8C59}.Release|Any CPU.Build.0 = Release|Any CPU
		{FBDC6C6A-6C87-4D29-9E03-087870DAEE08}.Debug|Any CPU.ActiveCfg = Debug|Any CPU
		{FBDC6C6A-6C87-4D29-9E03-087870DAEE08}.Debug|Any CPU.Build.0 = Debug|Any CPU
		{FBDC6C6A-6C87-4D29-9E03-087870DAEE08}.Release|Any CPU.ActiveCfg = Release|Any CPU
		{FBDC6C6A-6C87-4D29-9E03-087870DAEE08}.Release|Any CPU.Build.0 = Release|Any CPU
		{6AF78DB1-F63F-4314-BBAE-3EF47B7FB9E0}.Debug|Any CPU.ActiveCfg = Debug|Any CPU
		{6AF78DB1-F63F-4314-BBAE-3EF47B7FB9E0}.Debug|Any CPU.Build.0 = Debug|Any CPU
		{6AF78DB1-F63F-4314-BBAE-3EF47B7FB9E0}.Release|Any CPU.ActiveCfg = Release|Any CPU
		{6AF78DB1-F63F-4314-BBAE-3EF47B7FB9E0}.Release|Any CPU.Build.0 = Release|Any CPU
		{7E283DC2-0516-48BE-AF30-7D6F94D8550E}.Debug|Any CPU.ActiveCfg = Debug|Any CPU
		{7E283DC2-0516-48BE-AF30-7D6F94D8550E}.Debug|Any CPU.Build.0 = Debug|Any CPU
		{7E283DC2-0516-48BE-AF30-7D6F94D8550E}.Release|Any CPU.ActiveCfg = Release|Any CPU
		{7E283DC2-0516-48BE-AF30-7D6F94D8550E}.Release|Any CPU.Build.0 = Release|Any CPU
		{BA8035CE-10AB-41FA-BBB6-E1F62400662D}.Debug|Any CPU.ActiveCfg = Debug|Any CPU
		{BA8035CE-10AB-41FA-BBB6-E1F62400662D}.Debug|Any CPU.Build.0 = Debug|Any CPU
		{BA8035CE-10AB-41FA-BBB6-E1F62400662D}.Release|Any CPU.ActiveCfg = Release|Any CPU
		{BA8035CE-10AB-41FA-BBB6-E1F62400662D}.Release|Any CPU.Build.0 = Release|Any CPU
		{DAB4524E-D0AA-45A1-9E4C-CBFC384C2EE5}.Debug|Any CPU.ActiveCfg = Debug|Any CPU
		{DAB4524E-D0AA-45A1-9E4C-CBFC384C2EE5}.Debug|Any CPU.Build.0 = Debug|Any CPU
		{DAB4524E-D0AA-45A1-9E4C-CBFC384C2EE5}.Release|Any CPU.ActiveCfg = Release|Any CPU
		{DAB4524E-D0AA-45A1-9E4C-CBFC384C2EE5}.Release|Any CPU.Build.0 = Release|Any CPU
		{4A566547-DD33-4793-A9CD-D773F18B9577}.Debug|Any CPU.ActiveCfg = Debug|Any CPU
		{4A566547-DD33-4793-A9CD-D773F18B9577}.Debug|Any CPU.Build.0 = Debug|Any CPU
		{4A566547-DD33-4793-A9CD-D773F18B9577}.Release|Any CPU.ActiveCfg = Release|Any CPU
		{4A566547-DD33-4793-A9CD-D773F18B9577}.Release|Any CPU.Build.0 = Release|Any CPU
		{D927B75A-BBF6-474B-BF9F-AE19889E7DB5}.Debug|Any CPU.ActiveCfg = Debug|Any CPU
		{D927B75A-BBF6-474B-BF9F-AE19889E7DB5}.Debug|Any CPU.Build.0 = Debug|Any CPU
		{D927B75A-BBF6-474B-BF9F-AE19889E7DB5}.Release|Any CPU.ActiveCfg = Release|Any CPU
		{D927B75A-BBF6-474B-BF9F-AE19889E7DB5}.Release|Any CPU.Build.0 = Release|Any CPU
		{32ED39EE-5B8E-48A4-BC58-EF351BBC6605}.Debug|Any CPU.ActiveCfg = Debug|Any CPU
		{32ED39EE-5B8E-48A4-BC58-EF351BBC6605}.Debug|Any CPU.Build.0 = Debug|Any CPU
		{32ED39EE-5B8E-48A4-BC58-EF351BBC6605}.Release|Any CPU.ActiveCfg = Release|Any CPU
		{32ED39EE-5B8E-48A4-BC58-EF351BBC6605}.Release|Any CPU.Build.0 = Release|Any CPU
	EndGlobalSection
	GlobalSection(SolutionProperties) = preSolution
		HideSolutionNode = FALSE
	EndGlobalSection
	GlobalSection(NestedProjects) = preSolution
		{849C1EDB-69EB-4923-AE2B-DC6C1D3B222A} = {B32132CD-D96A-44A4-BFD4-39BF8FD733B4}
		{26084D1A-8E5F-416F-8B20-4015FDFE2DCE} = {B32132CD-D96A-44A4-BFD4-39BF8FD733B4}
		{0B8BA0B0-FC74-4161-93BC-A78D42A04822} = {16F03B00-AFA8-4368-A169-D3A1051EFBEF}
		{06D11F02-A36C-4834-8422-61F27FD89DFD} = {16F03B00-AFA8-4368-A169-D3A1051EFBEF}
		{BDF95875-1B98-49B4-89A3-FCE70BC9839C} = {16F03B00-AFA8-4368-A169-D3A1051EFBEF}
		{38F64B05-BBDA-4FAA-95D9-B20E7962A5B9} = {16F03B00-AFA8-4368-A169-D3A1051EFBEF}
		{7A400210-139D-41F0-903C-C9A5E47FD197} = {5D58619A-81CB-4034-B1E7-74F23C9D7CAA}
		{F4E19F41-5EC6-4911-A58C-0E975551D26F} = {7A400210-139D-41F0-903C-C9A5E47FD197}
		{13995EB6-E42B-42DB-B535-0AC6755AA6B4} = {7A400210-139D-41F0-903C-C9A5E47FD197}
		{91260C5E-439C-4C1E-8302-0EF3AF96550B} = {7A400210-139D-41F0-903C-C9A5E47FD197}
		{53D8C023-08DA-4E76-BB9C-C79F717DF5CE} = {5D58619A-81CB-4034-B1E7-74F23C9D7CAA}
		{D13893C2-DAB2-4F98-AB0A-B4BD6C8C366A} = {53D8C023-08DA-4E76-BB9C-C79F717DF5CE}
		{0322F072-6D9C-4251-BC51-BC58783A4D6C} = {53D8C023-08DA-4E76-BB9C-C79F717DF5CE}
		{3D2AE945-CB43-4AA0-BE04-ECDE585BDC86} = {53D8C023-08DA-4E76-BB9C-C79F717DF5CE}
		{B123A86B-F01A-499C-92E5-033BB5512AA5} = {5D58619A-81CB-4034-B1E7-74F23C9D7CAA}
		{7DC33CFE-0501-4485-B73D-6EE7826652AF} = {B123A86B-F01A-499C-92E5-033BB5512AA5}
		{8373939B-A8CE-4233-A3DC-9070493BAF9D} = {B123A86B-F01A-499C-92E5-033BB5512AA5}
		{EC5E3978-78C2-4254-A439-1A7B046D053C} = {B123A86B-F01A-499C-92E5-033BB5512AA5}
		{89F7DD74-735B-44C2-A96B-C062CD9B347F} = {B2CC5985-B5B2-4582-A28B-FF9DFC4F7638}
		{722EC855-DCA5-4FC6-933E-E811EC86F649} = {89F7DD74-735B-44C2-A96B-C062CD9B347F}
		{0FF51A6E-5553-42D4-8F93-026611FA8CFC} = {89F7DD74-735B-44C2-A96B-C062CD9B347F}
		{4826B686-13ED-4D84-A091-98C325EECA58} = {89F7DD74-735B-44C2-A96B-C062CD9B347F}
		{10332193-958B-4728-B671-5406E1AE6A5C} = {89F7DD74-735B-44C2-A96B-C062CD9B347F}
		{BF375562-90CF-4130-A314-4D2D1A05ADD2} = {B2CC5985-B5B2-4582-A28B-FF9DFC4F7638}
		{A42D8D91-754F-415E-86D2-62C31B6757FC} = {BF375562-90CF-4130-A314-4D2D1A05ADD2}
		{4A194075-3532-4382-9961-76A498043F38} = {BF375562-90CF-4130-A314-4D2D1A05ADD2}
		{8A080F47-825B-45ED-ACD4-85E882DDBA4D} = {BF375562-90CF-4130-A314-4D2D1A05ADD2}
		{CC169F64-5788-4471-BA03-E764C5C6308D} = {BF375562-90CF-4130-A314-4D2D1A05ADD2}
		{BD9825BD-5A43-4D4C-92A0-D1AC789119EA} = {B2CC5985-B5B2-4582-A28B-FF9DFC4F7638}
		{3F5DAD53-51B9-42CD-80AC-50FEF4D1382E} = {BD9825BD-5A43-4D4C-92A0-D1AC789119EA}
		{C1684CEA-D169-4BDB-B794-07918EAF6881} = {BD9825BD-5A43-4D4C-92A0-D1AC789119EA}
		{E00112B9-23E9-4507-8011-AFF2038A8C59} = {BD9825BD-5A43-4D4C-92A0-D1AC789119EA}
		{FBDC6C6A-6C87-4D29-9E03-087870DAEE08} = {BD9825BD-5A43-4D4C-92A0-D1AC789119EA}
		{6AF78DB1-F63F-4314-BBAE-3EF47B7FB9E0} = {87EDE6DB-7AAC-4129-8AF4-411B3702973E}
		{7E283DC2-0516-48BE-AF30-7D6F94D8550E} = {87EDE6DB-7AAC-4129-8AF4-411B3702973E}
		{BA8035CE-10AB-41FA-BBB6-E1F62400662D} = {87EDE6DB-7AAC-4129-8AF4-411B3702973E}
		{DAB4524E-D0AA-45A1-9E4C-CBFC384C2EE5} = {6B5D1149-8956-4380-B53D-DCD519CEE087}
		{4A566547-DD33-4793-A9CD-D773F18B9577} = {6B5D1149-8956-4380-B53D-DCD519CEE087}
		{D927B75A-BBF6-474B-BF9F-AE19889E7DB5} = {6B5D1149-8956-4380-B53D-DCD519CEE087}
		{32ED39EE-5B8E-48A4-BC58-EF351BBC6605} = {9904F0F3-F75E-4E7F-B92A-BE6024980B37}
	EndGlobalSection
	GlobalSection(ExtensibilityGlobals) = postSolution
		SolutionGuid = {A40ACAF4-AA9B-401C-A37C-BC19B286A383}
	EndGlobalSection
EndGlobal
